PODS:
  - AeroGearHttp (0.7.0)
  - AeroGearOAuth2 (0.5.1):
    - AeroGearHttp
  - Alamofire (3.5.1)
  - JBChartView (3.0.12)
  - OGCSensorThings (2.1.5):
    - Alamofire

DEPENDENCIES:
  - AeroGearOAuth2 (~> 0.5.1)
  - Alamofire (~> 3.5.0)
  - JBChartView (~> 3.0.12)
  - OGCSensorThings (~> 2.1.5)

SPEC CHECKSUMS:
  AeroGearHttp: 4660c8bf5b56cd00a3b75d7c5ecf94774469df5c
  AeroGearOAuth2: 6f29d3fac8b78a0ff6d51b04c4ba1a02baed2e52
  Alamofire: 0dfba1184a543e2aa160f4e39cac4e8aba48d223
  JBChartView: 08877554448ccf99c12625ad0ebce70588ff8318
  OGCSensorThings: aec9ec7f4c4291225658096c18c953c8444629c5

PODFILE CHECKSUM: 5b68542b09cfbf563aa675d392f4877f5e49ba0c

COCOAPODS: 1.0.1
