// !$*UTF8*$!
{
	archiveVersion = 1;
	classes = {
	};
	objectVersion = 46;
	objects = {

/* Begin PBXBuildFile section */
		C6AE3EDA76511D56F151903F /* Pods_StorageManagerTester.framework in Frameworks */ = {isa = PBXBuildFile; fileRef = E8B6A4A3BE50B377EC78CAF0 /* Pods_StorageManagerTester.framework */; };
		E98885061CEC7F8400E25581 /* AppDelegate.swift in Sources */ = {isa = PBXBuildFile; fileRef = E98885051CEC7F8400E25581 /* AppDelegate.swift */; };
		E98885081CEC7F8400E25581 /* FirstViewController.swift in Sources */ = {isa = PBXBuildFile; fileRef = E98885071CEC7F8400E25581 /* FirstViewController.swift */; };
		E988850A1CEC7F8400E25581 /* SecondViewController.swift in Sources */ = {isa = PBXBuildFile; fileRef = E98885091CEC7F8400E25581 /* SecondViewController.swift */; };
		E988850D1CEC7F8400E25581 /* Main.storyboard in Resources */ = {isa = PBXBuildFile; fileRef = E988850B1CEC7F8400E25581 /* Main.storyboard */; };
		E988850F1CEC7F8400E25581 /* Assets.xcassets in Resources */ = {isa = PBXBuildFile; fileRef = E988850E1CEC7F8400E25581 /* Assets.xcassets */; };
		E98885121CEC7F8400E25581 /* LaunchScreen.storyboard in Resources */ = {isa = PBXBuildFile; fileRef = E98885101CEC7F8400E25581 /* LaunchScreen.storyboard */; };
/* End PBXBuildFile section */

/* Begin PBXFileReference section */
		9D30E4900220FBA05C9D0BB9 /* Pods-StorageManagerTester.debug.xcconfig */ = {isa = PBXFileReference; includeInIndex = 1; lastKnownFileType = text.xcconfig; name = "Pods-StorageManagerTester.debug.xcconfig"; path = "Pods/Target Support Files/Pods-StorageManagerTester/Pods-StorageManagerTester.debug.xcconfig"; sourceTree = "<group>"; };
		E8B6A4A3BE50B377EC78CAF0 /* Pods_StorageManagerTester.framework */ = {isa = PBXFileReference; explicitFileType = wrapper.framework; includeInIndex = 0; path = Pods_StorageManagerTester.framework; sourceTree = BUILT_PRODUCTS_DIR; };
		E98885021CEC7F8400E25581 /* StorageManagerTester.app */ = {isa = PBXFileReference; explicitFileType = wrapper.application; includeInIndex = 0; path = StorageManagerTester.app; sourceTree = BUILT_PRODUCTS_DIR; };
		E98885051CEC7F8400E25581 /* AppDelegate.swift */ = {isa = PBXFileReference; lastKnownFileType = sourcecode.swift; path = AppDelegate.swift; sourceTree = "<group>"; };
		E98885071CEC7F8400E25581 /* FirstViewController.swift */ = {isa = PBXFileReference; lastKnownFileType = sourcecode.swift; path = FirstViewController.swift; sourceTree = "<group>"; };
		E98885091CEC7F8400E25581 /* SecondViewController.swift */ = {isa = PBXFileReference; lastKnownFileType = sourcecode.swift; path = SecondViewController.swift; sourceTree = "<group>"; };
		E988850C1CEC7F8400E25581 /* Base */ = {isa = PBXFileReference; lastKnownFileType = file.storyboard; name = Base; path = Base.lproj/Main.storyboard; sourceTree = "<group>"; };
		E988850E1CEC7F8400E25581 /* Assets.xcassets */ = {isa = PBXFileReference; lastKnownFileType = folder.assetcatalog; path = Assets.xcassets; sourceTree = "<group>"; };
		E98885111CEC7F8400E25581 /* Base */ = {isa = PBXFileReference; lastKnownFileType = file.storyboard; name = Base; path = Base.lproj/LaunchScreen.storyboard; sourceTree = "<group>"; };
		E98885131CEC7F8400E25581 /* Info.plist */ = {isa = PBXFileReference; lastKnownFileType = text.plist.xml; path = Info.plist; sourceTree = "<group>"; };
		EDAFC2683030BE7597DBCAD5 /* Pods-StorageManagerTester.release.xcconfig */ = {isa = PBXFileReference; includeInIndex = 1; lastKnownFileType = text.xcconfig; name = "Pods-StorageManagerTester.release.xcconfig"; path = "Pods/Target Support Files/Pods-StorageManagerTester/Pods-StorageManagerTester.release.xcconfig"; sourceTree = "<group>"; };
/* End PBXFileReference section */

/* Begin PBXFrameworksBuildPhase section */
		E98884FF1CEC7F8400E25581 /* Frameworks */ = {
			isa = PBXFrameworksBuildPhase;
			buildActionMask = 2147483647;
			files = (
				C6AE3EDA76511D56F151903F /* Pods_StorageManagerTester.framework in Frameworks */,
			);
			runOnlyForDeploymentPostprocessing = 0;
		};
/* End PBXFrameworksBuildPhase section */

/* Begin PBXGroup section */
		AE65C9FB4DAF8D2C4FF4D458 /* Frameworks */ = {
			isa = PBXGroup;
			children = (
				E8B6A4A3BE50B377EC78CAF0 /* Pods_StorageManagerTester.framework */,
			);
			name = Frameworks;
			sourceTree = "<group>";
		};
		E98884F91CEC7F8400E25581 = {
			isa = PBXGroup;
			children = (
				E98885041CEC7F8400E25581 /* StorageManagerTester */,
				E98885031CEC7F8400E25581 /* Products */,
				FA087CC884667467B0A97153 /* Pods */,
				AE65C9FB4DAF8D2C4FF4D458 /* Frameworks */,
			);
			sourceTree = "<group>";
		};
		E98885031CEC7F8400E25581 /* Products */ = {
			isa = PBXGroup;
			children = (
				E98885021CEC7F8400E25581 /* StorageManagerTester.app */,
			);
			name = Products;
			sourceTree = "<group>";
		};
		E98885041CEC7F8400E25581 /* StorageManagerTester */ = {
			isa = PBXGroup;
			children = (
				E98885051CEC7F8400E25581 /* AppDelegate.swift */,
				E98885071CEC7F8400E25581 /* FirstViewController.swift */,
				E98885091CEC7F8400E25581 /* SecondViewController.swift */,
				E988850B1CEC7F8400E25581 /* Main.storyboard */,
				E988850E1CEC7F8400E25581 /* Assets.xcassets */,
				E98885101CEC7F8400E25581 /* LaunchScreen.storyboard */,
				E98885131CEC7F8400E25581 /* Info.plist */,
			);
			path = StorageManagerTester;
			sourceTree = "<group>";
		};
		FA087CC884667467B0A97153 /* Pods */ = {
			isa = PBXGroup;
			children = (
				9D30E4900220FBA05C9D0BB9 /* Pods-StorageManagerTester.debug.xcconfig */,
				EDAFC2683030BE7597DBCAD5 /* Pods-StorageManagerTester.release.xcconfig */,
			);
			name = Pods;
			sourceTree = "<group>";
		};
/* End PBXGroup section */

/* Begin PBXNativeTarget section */
		E98885011CEC7F8400E25581 /* StorageManagerTester */ = {
			isa = PBXNativeTarget;
			buildConfigurationList = E98885161CEC7F8400E25581 /* Build configuration list for PBXNativeTarget "StorageManagerTester" */;
			buildPhases = (
				2A002085DF3552EE0595B95C /* 📦 Check Pods Manifest.lock */,
				E98884FE1CEC7F8400E25581 /* Sources */,
				E98884FF1CEC7F8400E25581 /* Frameworks */,
				E98885001CEC7F8400E25581 /* Resources */,
				807DF3FC8308DDE140F38552 /* 📦 Embed Pods Frameworks */,
				4C048BE65313BA93F0BCF84E /* 📦 Copy Pods Resources */,
			);
			buildRules = (
			);
			dependencies = (
			);
			name = StorageManagerTester;
			productName = StorageManagerTester;
			productReference = E98885021CEC7F8400E25581 /* StorageManagerTester.app */;
			productType = "com.apple.product-type.application";
		};
/* End PBXNativeTarget section */

/* Begin PBXProject section */
		E98884FA1CEC7F8400E25581 /* Project object */ = {
			isa = PBXProject;
			attributes = {
				LastSwiftUpdateCheck = 0730;
				LastUpgradeCheck = 0730;
				ORGANIZATIONNAME = "Thomas Gilbert";
				TargetAttributes = {
					E98885011CEC7F8400E25581 = {
						CreatedOnToolsVersion = 7.3;
					};
				};
			};
			buildConfigurationList = E98884FD1CEC7F8400E25581 /* Build configuration list for PBXProject "StorageManagerTester" */;
			compatibilityVersion = "Xcode 3.2";
			developmentRegion = English;
			hasScannedForEncodings = 0;
			knownRegions = (
				en,
				Base,
			);
			mainGroup = E98884F91CEC7F8400E25581;
			productRefGroup = E98885031CEC7F8400E25581 /* Products */;
			projectDirPath = "";
			projectRoot = "";
			targets = (
				E98885011CEC7F8400E25581 /* StorageManagerTester */,
			);
		};
/* End PBXProject section */

/* Begin PBXResourcesBuildPhase section */
		E98885001CEC7F8400E25581 /* Resources */ = {
			isa = PBXResourcesBuildPhase;
			buildActionMask = 2147483647;
			files = (
				E98885121CEC7F8400E25581 /* LaunchScreen.storyboard in Resources */,
				E988850F1CEC7F8400E25581 /* Assets.xcassets in Resources */,
				E988850D1CEC7F8400E25581 /* Main.storyboard in Resources */,
			);
			runOnlyForDeploymentPostprocessing = 0;
		};
/* End PBXResourcesBuildPhase section */

/* Begin PBXShellScriptBuildPhase section */
		2A002085DF3552EE0595B95C /* 📦 Check Pods Manifest.lock */ = {
			isa = PBXShellScriptBuildPhase;
			buildActionMask = 2147483647;
			files = (
			);
			inputPaths = (
			);
			name = "📦 Check Pods Manifest.lock";
			outputPaths = (
			);
			runOnlyForDeploymentPostprocessing = 0;
			shellPath = /bin/sh;
			shellScript = "diff \"${PODS_ROOT}/../Podfile.lock\" \"${PODS_ROOT}/Manifest.lock\" > /dev/null\nif [[ $? != 0 ]] ; then\n    cat << EOM\nerror: The sandbox is not in sync with the Podfile.lock. Run 'pod install' or update your CocoaPods installation.\nEOM\n    exit 1\nfi\n";
			showEnvVarsInLog = 0;
		};
		4C048BE65313BA93F0BCF84E /* 📦 Copy Pods Resources */ = {
			isa = PBXShellScriptBuildPhase;
			buildActionMask = 2147483647;
			files = (
			);
			inputPaths = (
			);
			name = "📦 Copy Pods Resources";
			outputPaths = (
			);
			runOnlyForDeploymentPostprocessing = 0;
			shellPath = /bin/sh;
			shellScript = "\"${SRCROOT}/Pods/Target Support Files/Pods-StorageManagerTester/Pods-StorageManagerTester-resources.sh\"\n";
			showEnvVarsInLog = 0;
		};
		807DF3FC8308DDE140F38552 /* 📦 Embed Pods Frameworks */ = {
			isa = PBXShellScriptBuildPhase;
			buildActionMask = 2147483647;
			files = (
			);
			inputPaths = (
			);
			name = "📦 Embed Pods Frameworks";
			outputPaths = (
			);
			runOnlyForDeploymentPostprocessing = 0;
			shellPath = /bin/sh;
			shellScript = "\"${SRCROOT}/Pods/Target Support Files/Pods-StorageManagerTester/Pods-StorageManagerTester-frameworks.sh\"\n";
			showEnvVarsInLog = 0;
		};
/* End PBXShellScriptBuildPhase section */

/* Begin PBXSourcesBuildPhase section */
		E98884FE1CEC7F8400E25581 /* Sources */ = {
			isa = PBXSourcesBuildPhase;
			buildActionMask = 2147483647;
			files = (
				E988850A1CEC7F8400E25581 /* SecondViewController.swift in Sources */,
				E98885061CEC7F8400E25581 /* AppDelegate.swift in Sources */,
				E98885081CEC7F8400E25581 /* FirstViewController.swift in Sources */,
			);
			runOnlyForDeploymentPostprocessing = 0;
		};
/* End PBXSourcesBuildPhase section */

/* Begin PBXVariantGroup section */
		E988850B1CEC7F8400E25581 /* Main.storyboard */ = {
			isa = PBXVariantGroup;
			children = (
				E988850C1CEC7F8400E25581 /* Base */,
			);
			name = Main.storyboard;
			sourceTree = "<group>";
		};
		E98885101CEC7F8400E25581 /* LaunchScreen.storyboard */ = {
			isa = PBXVariantGroup;
			children = (
				E98885111CEC7F8400E25581 /* Base */,
			);
			name = LaunchScreen.storyboard;
			sourceTree = "<group>";
		};
/* End PBXVariantGroup section */

/* Begin XCBuildConfiguration section */
		E98885141CEC7F8400E25581 /* Debug */ = {
			isa = XCBuildConfiguration;
			buildSettings = {
				ALWAYS_SEARCH_USER_PATHS = NO;
				CLANG_ANALYZER_NONNULL = YES;
				CLANG_CXX_LANGUAGE_STANDARD = "gnu++0x";
				CLANG_CXX_LIBRARY = "libc++";
				CLANG_ENABLE_MODULES = YES;
				CLANG_ENABLE_OBJC_ARC = YES;
				CLANG_WARN_BOOL_CONVERSION = YES;
				CLANG_WARN_CONSTANT_CONVERSION = YES;
				CLANG_WARN_DIRECT_OBJC_ISA_USAGE = YES_ERROR;
				CLANG_WARN_EMPTY_BODY = YES;
				CLANG_WARN_ENUM_CONVERSION = YES;
				CLANG_WARN_INT_CONVERSION = YES;
				CLANG_WARN_OBJC_ROOT_CLASS = YES_ERROR;
				CLANG_WARN_UNREACHABLE_CODE = YES;
				CLANG_WARN__DUPLICATE_METHOD_MATCH = YES;
				"CODE_SIGN_IDENTITY[sdk=iphoneos*]" = "iPhone Developer";
				COPY_PHASE_STRIP = NO;
				DEBUG_INFORMATION_FORMAT = dwarf;
				ENABLE_STRICT_OBJC_MSGSEND = YES;
				ENABLE_TESTABILITY = YES;
				GCC_C_LANGUAGE_STANDARD = gnu99;
				GCC_DYNAMIC_NO_PIC = NO;
				GCC_NO_COMMON_BLOCKS = YES;
				GCC_OPTIMIZATION_LEVEL = 0;
				GCC_PREPROCESSOR_DEFINITIONS = (
					"DEBUG=1",
					"$(inherited)",
				);
				GCC_WARN_64_TO_32_BIT_CONVERSION = YES;
				GCC_WARN_ABOUT_RETURN_TYPE = YES_ERROR;
				GCC_WARN_UNDECLARED_SELECTOR = YES;
				GCC_WARN_UNINITIALIZED_AUTOS = YES_AGGRESSIVE;
				GCC_WARN_UNUSED_FUNCTION = YES;
				GCC_WARN_UNUSED_VARIABLE = YES;
				IPHONEOS_DEPLOYMENT_TARGET = 9.3;
				MTL_ENABLE_DEBUG_INFO = YES;
				ONLY_ACTIVE_ARCH = YES;
				SDKROOT = iphoneos;
				SWIFT_OPTIMIZATION_LEVEL = "-Onone";
				TARGETED_DEVICE_FAMILY = "1,2";
			};
			name = Debug;
		};
		E98885151CEC7F8400E25581 /* Release */ = {
			isa = XCBuildConfiguration;
			buildSettings = {
				ALWAYS_SEARCH_USER_PATHS = NO;
				CLANG_ANALYZER_NONNULL = YES;
				CLANG_CXX_LANGUAGE_STANDARD = "gnu++0x";
				CLANG_CXX_LIBRARY = "libc++";
				CLANG_ENABLE_MODULES = YES;
				CLANG_ENABLE_OBJC_ARC = YES;
				CLANG_WARN_BOOL_CONVERSION = YES;
				CLANG_WARN_CONSTANT_CONVERSION = YES;
				CLANG_WARN_DIRECT_OBJC_ISA_USAGE = YES_ERROR;
				CLANG_WARN_EMPTY_BODY = YES;
				CLANG_WARN_ENUM_CONVERSION = YES;
				CLANG_WARN_INT_CONVERSION = YES;
				CLANG_WARN_OBJC_ROOT_CLASS = YES_ERROR;
				CLANG_WARN_UNREACHABLE_CODE = YES;
				CLANG_WARN__DUPLICATE_METHOD_MATCH = YES;
				"CODE_SIGN_IDENTITY[sdk=iphoneos*]" = "iPhone Developer";
				COPY_PHASE_STRIP = NO;
				DEBUG_INFORMATION_FORMAT = "dwarf-with-dsym";
				ENABLE_NS_ASSERTIONS = NO;
				ENABLE_STRICT_OBJC_MSGSEND = YES;
				GCC_C_LANGUAGE_STANDARD = gnu99;
				GCC_NO_COMMON_BLOCKS = YES;
				GCC_WARN_64_TO_32_BIT_CONVERSION = YES;
				GCC_WARN_ABOUT_RETURN_TYPE = YES_ERROR;
				GCC_WARN_UNDECLARED_SELECTOR = YES;
				GCC_WARN_UNINITIALIZED_AUTOS = YES_AGGRESSIVE;
				GCC_WARN_UNUSED_FUNCTION = YES;
				GCC_WARN_UNUSED_VARIABLE = YES;
				IPHONEOS_DEPLOYMENT_TARGET = 9.3;
				MTL_ENABLE_DEBUG_INFO = NO;
				SDKROOT = iphoneos;
				TARGETED_DEVICE_FAMILY = "1,2";
				VALIDATE_PRODUCT = YES;
			};
			name = Release;
		};
		E98885171CEC7F8400E25581 /* Debug */ = {
			isa = XCBuildConfiguration;
			baseConfigurationReference = 9D30E4900220FBA05C9D0BB9 /* Pods-StorageManagerTester.debug.xcconfig */;
			buildSettings = {
				ASSETCATALOG_COMPILER_APPICON_NAME = AppIcon;
				INFOPLIST_FILE = StorageManagerTester/Info.plist;
				LD_RUNPATH_SEARCH_PATHS = "$(inherited) @executable_path/Frameworks";
				PRODUCT_BUNDLE_IDENTIFIER = dk.alexandra.almanac.StorageManagerTester;
				PRODUCT_NAME = "$(TARGET_NAME)";
			};
			name = Debug;
		};
		E98885181CEC7F8400E25581 /* Release */ = {
			isa = XCBuildConfiguration;
			baseConfigurationReference = EDAFC2683030BE7597DBCAD5 /* Pods-StorageManagerTester.release.xcconfig */;
			buildSettings = {
				ASSETCATALOG_COMPILER_APPICON_NAME = AppIcon;
				INFOPLIST_FILE = StorageManagerTester/Info.plist;
				LD_RUNPATH_SEARCH_PATHS = "$(inherited) @executable_path/Frameworks";
				PRODUCT_BUNDLE_IDENTIFIER = dk.alexandra.almanac.StorageManagerTester;
				PRODUCT_NAME = "$(TARGET_NAME)";
			};
			name = Release;
		};
/* End XCBuildConfiguration section */

/* Begin XCConfigurationList section */
		E98884FD1CEC7F8400E25581 /* Build configuration list for PBXProject "StorageManagerTester" */ = {
			isa = XCConfigurationList;
			buildConfigurations = (
				E98885141CEC7F8400E25581 /* Debug */,
				E98885151CEC7F8400E25581 /* Release */,
			);
			defaultConfigurationIsVisible = 0;
			defaultConfigurationName = Release;
		};
		E98885161CEC7F8400E25581 /* Build configuration list for PBXNativeTarget "StorageManagerTester" */ = {
			isa = XCConfigurationList;
			buildConfigurations = (
				E98885171CEC7F8400E25581 /* Debug */,
				E98885181CEC7F8400E25581 /* Release */,
			);
			defaultConfigurationIsVisible = 0;
			defaultConfigurationName = Release;
		};
/* End XCConfigurationList section */
	};
	rootObject = E98884FA1CEC7F8400E25581 /* Project object */;
}
